{
  "nodes": {
    "love": {
      "flake": false,
      "locked": {
        "lastModified": 1709486057,
        "narHash": "sha256-6pz66mZMpAkMBtTPzfhFs0Ws8cYVxWjrSroy2xoYgYQ=",
        "type": "tarball",
        "url": "https://github.com/love2d/love/releases/download/11.5/love-11.5-macos.zip"
      },
      "original": {
        "type": "tarball",
        "url": "https://github.com/love2d/love/releases/download/11.5/love-11.5-macos.zip"
      }
    },
    "nixpkgs": {
      "locked": {
        "lastModified": 1712449641,
        "narHash": "sha256-U9DDWMexN6o5Td2DznEgguh8TRIUnIl9levmit43GcI=",
        "owner": "NixOS",
        "repo": "nixpkgs",
        "rev": "600b15aea1b36eeb43833a50b0e96579147099ff",
        "type": "github"
      },
      "original": {
        "owner": "NixOS",
        "ref": "nixpkgs-unstable",
        "repo": "nixpkgs",
        "type": "github"
      }
    },
    "root": {
      "inputs": {
        "love": "love",
        "nixpkgs": "nixpkgs"
      }
    }
  },
  "root": "root",
  "version": 7
}
